
Microsoft Visual Studio Solution File, Format Version 12.00
# Visual Studio Version 16
VisualStudioVersion = 16.0.31702.278
MinimumVisualStudioVersion = 10.0.40219.1
Project("{FAE04EC0-301F-11D3-BF4B-00C04F79EFBC}") = "Player", "Player\Player.csproj", "{4DD3AF56-0E00-4D2C-AE70-067689BBE63C}"
EndProject
Global
	GlobalSection(SolutionConfigurationPlatforms) = preSolution
		Debug|Any CPU = Debug|Any CPU
		Release|Any CPU = Release|Any CPU
	EndGlobalSection
	GlobalSection(ProjectConfigurationPlatforms) = postSolution
		{4DD3AF56-0E00-4D2C-AE70-067689BBE63C}.Debug|Any CPU.ActiveCfg = Debug|Any CPU
		{4DD3AF56-0E00-4D2C-AE70-067689BBE63C}.Debug|Any CPU.Build.0 = Debug|Any CPU
		{4DD3AF56-0E00-4D2C-AE70-067689BBE63C}.Release|Any CPU.ActiveCfg = Release|Any CPU
		{4DD3AF56-0E00-4D2C-AE70-067689BBE63C}.Release|Any CPU.Build.0 = Release|Any CPU
	EndGlobalSection
	GlobalSection(SolutionProperties) = preSolution
		HideSolutionNode = FALSE
	EndGlobalSection
	GlobalSection(ExtensibilityGlobals) = postSolution
		SolutionGuid = {B8288FEC-18B2-4015-9E2F-B55C9E9DCF14}
	EndGlobalSection
EndGlobal
